
Microsoft Visual Studio Solution File, Format Version 12.00
# Visual Studio Version 17
VisualStudioVersion = 17.10.35122.118
MinimumVisualStudioVersion = 10.0.40219.1
Project("{FAE04EC0-301F-11D3-BF4B-00C04F79EFBC}") = "tarea3", "tarea3\tarea3.csproj", "{FFA26132-7064-41A6-9C19-E361E520B700}"
EndProject
Global
	GlobalSection(SolutionConfigurationPlatforms) = preSolution
		Debug|Any CPU = Debug|Any CPU
		Release|Any CPU = Release|Any CPU
	EndGlobalSection
	GlobalSection(ProjectConfigurationPlatforms) = postSolution
		{FFA26132-7064-41A6-9C19-E361E520B700}.Debug|Any CPU.ActiveCfg = Debug|Any CPU
		{FFA26132-7064-41A6-9C19-E361E520B700}.Debug|Any CPU.Build.0 = Debug|Any CPU
		{FFA26132-7064-41A6-9C19-E361E520B700}.Release|Any CPU.ActiveCfg = Release|Any CPU
		{FFA26132-7064-41A6-9C19-E361E520B700}.Release|Any CPU.Build.0 = Release|Any CPU
	EndGlobalSection
	GlobalSection(SolutionProperties) = preSolution
		HideSolutionNode = FALSE
	EndGlobalSection
	GlobalSection(ExtensibilityGlobals) = postSolution
		SolutionGuid = {9BD69135-A82E-4727-A172-85B57B9E48DB}
	EndGlobalSection
EndGlobal
